{
  "name": "mangafinder",
  "version": "1.0.0",
  "lockfileVersion": 2,
  "requires": true,
  "packages": {
    "": {
      "name": "mangafinder",
      "version": "1.0.0",
      "license": "MIT",
      "dependencies": {
        "mangadex-full-api": "^5.11.1"
      }
    },
    "node_modules/mangadex-full-api": {
      "version": "5.11.1",
      "resolved": "https://registry.npmjs.org/mangadex-full-api/-/mangadex-full-api-5.11.1.tgz",
      "integrity": "sha512-efJVh92EPn4yHoyjhMuRY+YNQ3o1snNw+HdAlg7XaJoESSzIPf1Wp/6y537XDoVNCX7B7RlUUI7vd/2oNZijog==",
      "engines": {
        "node": ">=12.0.0"
      }
    }
  },
  "dependencies": {
    "mangadex-full-api": {
      "version": "5.11.1",
      "resolved": "https://registry.npmjs.org/mangadex-full-api/-/mangadex-full-api-5.11.1.tgz",
      "integrity": "sha512-efJVh92EPn4yHoyjhMuRY+YNQ3o1snNw+HdAlg7XaJoESSzIPf1Wp/6y537XDoVNCX7B7RlUUI7vd/2oNZijog=="
    }
  }
}
